
Microsoft Visual Studio Solution File, Format Version 12.00
# Visual Studio Version 17
VisualStudioVersion = 17.7.34031.279
MinimumVisualStudioVersion = 10.0.40219.1
Project("{FAE04EC0-301F-11D3-BF4B-00C04F79EFBC}") = "Ej3.NumerosConsecutivos", "Ej3.NumerosConsecutivos.csproj", "{61A528BE-8296-42D2-9457-70FB89B527E5}"
EndProject
Global
	GlobalSection(SolutionConfigurationPlatforms) = preSolution
		Debug|Any CPU = Debug|Any CPU
		Release|Any CPU = Release|Any CPU
	EndGlobalSection
	GlobalSection(ProjectConfigurationPlatforms) = postSolution
		{61A528BE-8296-42D2-9457-70FB89B527E5}.Debug|Any CPU.ActiveCfg = Debug|Any CPU
		{61A528BE-8296-42D2-9457-70FB89B527E5}.Debug|Any CPU.Build.0 = Debug|Any CPU
		{61A528BE-8296-42D2-9457-70FB89B527E5}.Release|Any CPU.ActiveCfg = Release|Any CPU
		{61A528BE-8296-42D2-9457-70FB89B527E5}.Release|Any CPU.Build.0 = Release|Any CPU
	EndGlobalSection
	GlobalSection(SolutionProperties) = preSolution
		HideSolutionNode = FALSE
	EndGlobalSection
	GlobalSection(ExtensibilityGlobals) = postSolution
		SolutionGuid = {8CD2A6FC-ACCB-4B5E-AAF3-AB61231C3DEB}
	EndGlobalSection
EndGlobal
